
Microsoft Visual Studio Solution File, Format Version 12.00
# Visual Studio Version 16
VisualStudioVersion = 16.0.29806.167
MinimumVisualStudioVersion = 10.0.40219.1
Project("{9A19103F-16F7-4668-BE54-9A1E7A4F7556}") = "DevelopmentUtilitiesRESTful", "DevelopmentUtilitiesRESTful.csproj", "{F9B1177D-1D7C-4C3A-A57A-EA3CC6D1C381}"
EndProject
Global
	GlobalSection(SolutionConfigurationPlatforms) = preSolution
		Debug|Any CPU = Debug|Any CPU
		Release|Any CPU = Release|Any CPU
	EndGlobalSection
	GlobalSection(ProjectConfigurationPlatforms) = postSolution
		{F9B1177D-1D7C-4C3A-A57A-EA3CC6D1C381}.Debug|Any CPU.ActiveCfg = Debug|Any CPU
		{F9B1177D-1D7C-4C3A-A57A-EA3CC6D1C381}.Debug|Any CPU.Build.0 = Debug|Any CPU
		{F9B1177D-1D7C-4C3A-A57A-EA3CC6D1C381}.Release|Any CPU.ActiveCfg = Release|Any CPU
		{F9B1177D-1D7C-4C3A-A57A-EA3CC6D1C381}.Release|Any CPU.Build.0 = Release|Any CPU
	EndGlobalSection
	GlobalSection(SolutionProperties) = preSolution
		HideSolutionNode = FALSE
	EndGlobalSection
	GlobalSection(ExtensibilityGlobals) = postSolution
		SolutionGuid = {034F5B8B-BA35-4432-B60F-AE499B9E8B1C}
	EndGlobalSection
EndGlobal
